
Microsoft Visual Studio Solution File, Format Version 12.00
# Visual Studio Version 17
VisualStudioVersion = 17.0.32112.339
MinimumVisualStudioVersion = 10.0.40219.1
Project("{2150E333-8FDC-42A3-9474-1A3956D46DE8}") = "src", "src", "{2FE4A685-3093-4D9E-A3EF-4A5E0485B2F0}"
EndProject
Project("{2150E333-8FDC-42A3-9474-1A3956D46DE8}") = "Core", "Core", "{1FB1160E-60C6-40EF-895E-FB2186A0E504}"
EndProject
Project("{2150E333-8FDC-42A3-9474-1A3956D46DE8}") = "Infrastructure", "Infrastructure", "{3E1E89D7-CFFB-4791-9D30-D446BDCE9D49}"
EndProject
Project("{2150E333-8FDC-42A3-9474-1A3956D46DE8}") = "Shared", "Shared", "{38C3A9DA-6716-465B-8929-EDD0AEA08605}"
EndProject
Project("{2150E333-8FDC-42A3-9474-1A3956D46DE8}") = "Presentation", "Presentation", "{DD8E9234-129B-469D-952E-78EF5DCB78F3}"
EndProject
Project("{2150E333-8FDC-42A3-9474-1A3956D46DE8}") = "Api", "Api", "{C519ED1A-91E2-4EC7-A457-2CCF68DE71D9}"
EndProject
Project("{2150E333-8FDC-42A3-9474-1A3956D46DE8}") = "Clients", "Clients", "{B278717C-BF25-425B-9CCC-2FC0B0586F89}"
EndProject
Project("{9A19103F-16F7-4668-BE54-9A1E7A4F7556}") = "Domain", "Domain\Domain.csproj", "{B0383297-AB69-46F1-9531-A2F29F80EE4B}"
EndProject
Project("{9A19103F-16F7-4668-BE54-9A1E7A4F7556}") = "Application", "Application\Application.csproj", "{5D39DA2F-BA6C-425C-9379-90D268EB379E}"
EndProject
Project("{9A19103F-16F7-4668-BE54-9A1E7A4F7556}") = "Infrastructure", "Infrastructure\Infrastructure.csproj", "{5AB04760-8B1A-4293-BBD7-371FA350D93F}"
EndProject
Project("{9A19103F-16F7-4668-BE54-9A1E7A4F7556}") = "Shared", "Shared\Shared.csproj", "{A741533F-AEB4-416A-A27F-8004AE59B9A6}"
EndProject
Project("{9A19103F-16F7-4668-BE54-9A1E7A4F7556}") = "RESTApi", "RESTApi\RESTApi.csproj", "{284E02FF-A4FC-4F0E-9C01-045E3AE65E77}"
EndProject
Project("{2150E333-8FDC-42A3-9474-1A3956D46DE8}") = "test", "test", "{30D29CFB-C269-48B8-89BB-7227FBA9A278}"
EndProject
Project("{FAE04EC0-301F-11D3-BF4B-00C04F79EFBC}") = "Application.UnitTests", "Application.UnitTests\Application.UnitTests.csproj", "{30F0AF41-9814-44EC-8E10-C295B7B3087D}"
EndProject
Global
	GlobalSection(SolutionConfigurationPlatforms) = preSolution
		Debug|Any CPU = Debug|Any CPU
		Release|Any CPU = Release|Any CPU
	EndGlobalSection
	GlobalSection(ProjectConfigurationPlatforms) = postSolution
		{B0383297-AB69-46F1-9531-A2F29F80EE4B}.Debug|Any CPU.ActiveCfg = Debug|Any CPU
		{B0383297-AB69-46F1-9531-A2F29F80EE4B}.Debug|Any CPU.Build.0 = Debug|Any CPU
		{B0383297-AB69-46F1-9531-A2F29F80EE4B}.Release|Any CPU.ActiveCfg = Release|Any CPU
		{B0383297-AB69-46F1-9531-A2F29F80EE4B}.Release|Any CPU.Build.0 = Release|Any CPU
		{5D39DA2F-BA6C-425C-9379-90D268EB379E}.Debug|Any CPU.ActiveCfg = Debug|Any CPU
		{5D39DA2F-BA6C-425C-9379-90D268EB379E}.Debug|Any CPU.Build.0 = Debug|Any CPU
		{5D39DA2F-BA6C-425C-9379-90D268EB379E}.Release|Any CPU.ActiveCfg = Release|Any CPU
		{5D39DA2F-BA6C-425C-9379-90D268EB379E}.Release|Any CPU.Build.0 = Release|Any CPU
		{5AB04760-8B1A-4293-BBD7-371FA350D93F}.Debug|Any CPU.ActiveCfg = Debug|Any CPU
		{5AB04760-8B1A-4293-BBD7-371FA350D93F}.Debug|Any CPU.Build.0 = Debug|Any CPU
		{5AB04760-8B1A-4293-BBD7-371FA350D93F}.Release|Any CPU.ActiveCfg = Release|Any CPU
		{5AB04760-8B1A-4293-BBD7-371FA350D93F}.Release|Any CPU.Build.0 = Release|Any CPU
		{A741533F-AEB4-416A-A27F-8004AE59B9A6}.Debug|Any CPU.ActiveCfg = Debug|Any CPU
		{A741533F-AEB4-416A-A27F-8004AE59B9A6}.Debug|Any CPU.Build.0 = Debug|Any CPU
		{A741533F-AEB4-416A-A27F-8004AE59B9A6}.Release|Any CPU.ActiveCfg = Release|Any CPU
		{A741533F-AEB4-416A-A27F-8004AE59B9A6}.Release|Any CPU.Build.0 = Release|Any CPU
		{284E02FF-A4FC-4F0E-9C01-045E3AE65E77}.Debug|Any CPU.ActiveCfg = Debug|Any CPU
		{284E02FF-A4FC-4F0E-9C01-045E3AE65E77}.Debug|Any CPU.Build.0 = Debug|Any CPU
		{284E02FF-A4FC-4F0E-9C01-045E3AE65E77}.Release|Any CPU.ActiveCfg = Release|Any CPU
		{284E02FF-A4FC-4F0E-9C01-045E3AE65E77}.Release|Any CPU.Build.0 = Release|Any CPU
		{30F0AF41-9814-44EC-8E10-C295B7B3087D}.Debug|Any CPU.ActiveCfg = Debug|Any CPU
		{30F0AF41-9814-44EC-8E10-C295B7B3087D}.Debug|Any CPU.Build.0 = Debug|Any CPU
		{30F0AF41-9814-44EC-8E10-C295B7B3087D}.Release|Any CPU.ActiveCfg = Release|Any CPU
		{30F0AF41-9814-44EC-8E10-C295B7B3087D}.Release|Any CPU.Build.0 = Release|Any CPU
	EndGlobalSection
	GlobalSection(SolutionProperties) = preSolution
		HideSolutionNode = FALSE
	EndGlobalSection
	GlobalSection(NestedProjects) = preSolution
		{1FB1160E-60C6-40EF-895E-FB2186A0E504} = {2FE4A685-3093-4D9E-A3EF-4A5E0485B2F0}
		{3E1E89D7-CFFB-4791-9D30-D446BDCE9D49} = {2FE4A685-3093-4D9E-A3EF-4A5E0485B2F0}
		{38C3A9DA-6716-465B-8929-EDD0AEA08605} = {2FE4A685-3093-4D9E-A3EF-4A5E0485B2F0}
		{DD8E9234-129B-469D-952E-78EF5DCB78F3} = {2FE4A685-3093-4D9E-A3EF-4A5E0485B2F0}
		{C519ED1A-91E2-4EC7-A457-2CCF68DE71D9} = {DD8E9234-129B-469D-952E-78EF5DCB78F3}
		{B278717C-BF25-425B-9CCC-2FC0B0586F89} = {DD8E9234-129B-469D-952E-78EF5DCB78F3}
		{B0383297-AB69-46F1-9531-A2F29F80EE4B} = {1FB1160E-60C6-40EF-895E-FB2186A0E504}
		{5D39DA2F-BA6C-425C-9379-90D268EB379E} = {1FB1160E-60C6-40EF-895E-FB2186A0E504}
		{5AB04760-8B1A-4293-BBD7-371FA350D93F} = {3E1E89D7-CFFB-4791-9D30-D446BDCE9D49}
		{A741533F-AEB4-416A-A27F-8004AE59B9A6} = {38C3A9DA-6716-465B-8929-EDD0AEA08605}
		{284E02FF-A4FC-4F0E-9C01-045E3AE65E77} = {C519ED1A-91E2-4EC7-A457-2CCF68DE71D9}
		{30F0AF41-9814-44EC-8E10-C295B7B3087D} = {30D29CFB-C269-48B8-89BB-7227FBA9A278}
	EndGlobalSection
	GlobalSection(ExtensibilityGlobals) = postSolution
		SolutionGuid = {50755F7A-51B1-4592-BAA9-2A7A933E3A6E}
	EndGlobalSection
EndGlobal
